
Microsoft Visual Studio Solution File, Format Version 12.00
# Visual Studio 2013
VisualStudioVersion = 12.0.30501.0
MinimumVisualStudioVersion = 10.0.40219.1
Project("{FAE04EC0-301F-11D3-BF4B-00C04F79EFBC}") = "ServiceBusSample", "ServiceBusSample\ServiceBusSample.csproj", "{1626E1E2-EB73-42B4-9F60-A81CF30C98BD}"
EndProject
Global
	GlobalSection(SolutionConfigurationPlatforms) = preSolution
		Debug|Any CPU = Debug|Any CPU
		Release|Any CPU = Release|Any CPU
	EndGlobalSection
	GlobalSection(ProjectConfigurationPlatforms) = postSolution
		{1626E1E2-EB73-42B4-9F60-A81CF30C98BD}.Debug|Any CPU.ActiveCfg = Debug|Any CPU
		{1626E1E2-EB73-42B4-9F60-A81CF30C98BD}.Debug|Any CPU.Build.0 = Debug|Any CPU
		{1626E1E2-EB73-42B4-9F60-A81CF30C98BD}.Release|Any CPU.ActiveCfg = Release|Any CPU
		{1626E1E2-EB73-42B4-9F60-A81CF30C98BD}.Release|Any CPU.Build.0 = Release|Any CPU
	EndGlobalSection
	GlobalSection(SolutionProperties) = preSolution
		HideSolutionNode = FALSE
	EndGlobalSection
EndGlobal
