
Microsoft Visual Studio Solution File, Format Version 12.00
# Visual Studio 2013
VisualStudioVersion = 12.0.30501.0
MinimumVisualStudioVersion = 10.0.40219.1
Project("{FAE04EC0-301F-11D3-BF4B-00C04F79EFBC}") = "SBConsumerProducerSample.Consumer", "SBConsumerProducerSample\SBConsumerProducerSample.Consumer.csproj", "{AFE3AC45-68AC-4AC1-AB5C-F14A086B700D}"
EndProject
Project("{FAE04EC0-301F-11D3-BF4B-00C04F79EFBC}") = "SBConsumerProducerSample.Producer", "SBConsumerProducerSample.Producer\SBConsumerProducerSample.Producer.csproj", "{BF39EA31-E71D-417F-8957-88C4393C4689}"
EndProject
Global
	GlobalSection(SolutionConfigurationPlatforms) = preSolution
		Debug|Any CPU = Debug|Any CPU
		Release|Any CPU = Release|Any CPU
	EndGlobalSection
	GlobalSection(ProjectConfigurationPlatforms) = postSolution
		{AFE3AC45-68AC-4AC1-AB5C-F14A086B700D}.Debug|Any CPU.ActiveCfg = Debug|Any CPU
		{AFE3AC45-68AC-4AC1-AB5C-F14A086B700D}.Debug|Any CPU.Build.0 = Debug|Any CPU
		{AFE3AC45-68AC-4AC1-AB5C-F14A086B700D}.Release|Any CPU.ActiveCfg = Release|Any CPU
		{AFE3AC45-68AC-4AC1-AB5C-F14A086B700D}.Release|Any CPU.Build.0 = Release|Any CPU
		{BF39EA31-E71D-417F-8957-88C4393C4689}.Debug|Any CPU.ActiveCfg = Debug|Any CPU
		{BF39EA31-E71D-417F-8957-88C4393C4689}.Debug|Any CPU.Build.0 = Debug|Any CPU
		{BF39EA31-E71D-417F-8957-88C4393C4689}.Release|Any CPU.ActiveCfg = Release|Any CPU
		{BF39EA31-E71D-417F-8957-88C4393C4689}.Release|Any CPU.Build.0 = Release|Any CPU
	EndGlobalSection
	GlobalSection(SolutionProperties) = preSolution
		HideSolutionNode = FALSE
	EndGlobalSection
EndGlobal
